
Microsoft Visual Studio Solution File, Format Version 12.00
# Visual Studio Version 17
VisualStudioVersion = 17.6.33829.357
MinimumVisualStudioVersion = 10.0.40219.1
Project("{FAE04EC0-301F-11D3-BF4B-00C04F79EFBC}") = "ConsoleApp3", "ConsoleApp3\ConsoleApp3.csproj", "{285EF82C-94CB-4B36-A6E2-B4A996BA1919}"
EndProject
Global
	GlobalSection(SolutionConfigurationPlatforms) = preSolution
		Debug|Any CPU = Debug|Any CPU
		Release|Any CPU = Release|Any CPU
	EndGlobalSection
	GlobalSection(ProjectConfigurationPlatforms) = postSolution
		{285EF82C-94CB-4B36-A6E2-B4A996BA1919}.Debug|Any CPU.ActiveCfg = Debug|Any CPU
		{285EF82C-94CB-4B36-A6E2-B4A996BA1919}.Debug|Any CPU.Build.0 = Debug|Any CPU
		{285EF82C-94CB-4B36-A6E2-B4A996BA1919}.Release|Any CPU.ActiveCfg = Release|Any CPU
		{285EF82C-94CB-4B36-A6E2-B4A996BA1919}.Release|Any CPU.Build.0 = Release|Any CPU
	EndGlobalSection
	GlobalSection(SolutionProperties) = preSolution
		HideSolutionNode = FALSE
	EndGlobalSection
	GlobalSection(ExtensibilityGlobals) = postSolution
		SolutionGuid = {9A5737B7-A561-4B17-A51F-848EC214988C}
	EndGlobalSection
EndGlobal
